
Microsoft Visual Studio Solution File, Format Version 12.00
# Visual Studio 15
VisualStudioVersion = 15.0.26124.0
MinimumVisualStudioVersion = 15.0.26124.0
Project("{FAE04EC0-301F-11D3-BF4B-00C04F79EFBC}") = "Almostengr.DogFeeder.Api", "Almostengr.DogFeeder.Api\Almostengr.DogFeeder.Api.csproj", "{63A50FC6-4104-4D22-BF9B-E0A8C5B2744C}"
EndProject
Project("{FAE04EC0-301F-11D3-BF4B-00C04F79EFBC}") = "Almostengr.DogFeeder.Web", "Almostengr.DogFeeder.Web\Almostengr.DogFeeder.Web.csproj", "{B06F7F32-A0F0-4AF9-86E4-E17DC6B9DEA6}"
EndProject
Project("{FAE04EC0-301F-11D3-BF4B-00C04F79EFBC}") = "Almostengr.DogFeeder.Common", "Almostengr.DogFeeder.Common\Almostengr.DogFeeder.Common.csproj", "{41C60E57-E162-4A9A-BA36-44F4D27769C5}"
EndProject
Global
	GlobalSection(SolutionConfigurationPlatforms) = preSolution
		Debug|Any CPU = Debug|Any CPU
		Debug|x64 = Debug|x64
		Debug|x86 = Debug|x86
		Release|Any CPU = Release|Any CPU
		Release|x64 = Release|x64
		Release|x86 = Release|x86
	EndGlobalSection
	GlobalSection(SolutionProperties) = preSolution
		HideSolutionNode = FALSE
	EndGlobalSection
	GlobalSection(ProjectConfigurationPlatforms) = postSolution
		{63A50FC6-4104-4D22-BF9B-E0A8C5B2744C}.Debug|Any CPU.ActiveCfg = Debug|Any CPU
		{63A50FC6-4104-4D22-BF9B-E0A8C5B2744C}.Debug|Any CPU.Build.0 = Debug|Any CPU
		{63A50FC6-4104-4D22-BF9B-E0A8C5B2744C}.Debug|x64.ActiveCfg = Debug|Any CPU
		{63A50FC6-4104-4D22-BF9B-E0A8C5B2744C}.Debug|x64.Build.0 = Debug|Any CPU
		{63A50FC6-4104-4D22-BF9B-E0A8C5B2744C}.Debug|x86.ActiveCfg = Debug|Any CPU
		{63A50FC6-4104-4D22-BF9B-E0A8C5B2744C}.Debug|x86.Build.0 = Debug|Any CPU
		{63A50FC6-4104-4D22-BF9B-E0A8C5B2744C}.Release|Any CPU.ActiveCfg = Release|Any CPU
		{63A50FC6-4104-4D22-BF9B-E0A8C5B2744C}.Release|Any CPU.Build.0 = Release|Any CPU
		{63A50FC6-4104-4D22-BF9B-E0A8C5B2744C}.Release|x64.ActiveCfg = Release|Any CPU
		{63A50FC6-4104-4D22-BF9B-E0A8C5B2744C}.Release|x64.Build.0 = Release|Any CPU
		{63A50FC6-4104-4D22-BF9B-E0A8C5B2744C}.Release|x86.ActiveCfg = Release|Any CPU
		{63A50FC6-4104-4D22-BF9B-E0A8C5B2744C}.Release|x86.Build.0 = Release|Any CPU
		{B06F7F32-A0F0-4AF9-86E4-E17DC6B9DEA6}.Debug|Any CPU.ActiveCfg = Debug|Any CPU
		{B06F7F32-A0F0-4AF9-86E4-E17DC6B9DEA6}.Debug|Any CPU.Build.0 = Debug|Any CPU
		{B06F7F32-A0F0-4AF9-86E4-E17DC6B9DEA6}.Debug|x64.ActiveCfg = Debug|Any CPU
		{B06F7F32-A0F0-4AF9-86E4-E17DC6B9DEA6}.Debug|x64.Build.0 = Debug|Any CPU
		{B06F7F32-A0F0-4AF9-86E4-E17DC6B9DEA6}.Debug|x86.ActiveCfg = Debug|Any CPU
		{B06F7F32-A0F0-4AF9-86E4-E17DC6B9DEA6}.Debug|x86.Build.0 = Debug|Any CPU
		{B06F7F32-A0F0-4AF9-86E4-E17DC6B9DEA6}.Release|Any CPU.ActiveCfg = Release|Any CPU
		{B06F7F32-A0F0-4AF9-86E4-E17DC6B9DEA6}.Release|Any CPU.Build.0 = Release|Any CPU
		{B06F7F32-A0F0-4AF9-86E4-E17DC6B9DEA6}.Release|x64.ActiveCfg = Release|Any CPU
		{B06F7F32-A0F0-4AF9-86E4-E17DC6B9DEA6}.Release|x64.Build.0 = Release|Any CPU
		{B06F7F32-A0F0-4AF9-86E4-E17DC6B9DEA6}.Release|x86.ActiveCfg = Release|Any CPU
		{B06F7F32-A0F0-4AF9-86E4-E17DC6B9DEA6}.Release|x86.Build.0 = Release|Any CPU
		{41C60E57-E162-4A9A-BA36-44F4D27769C5}.Debug|Any CPU.ActiveCfg = Debug|Any CPU
		{41C60E57-E162-4A9A-BA36-44F4D27769C5}.Debug|Any CPU.Build.0 = Debug|Any CPU
		{41C60E57-E162-4A9A-BA36-44F4D27769C5}.Debug|x64.ActiveCfg = Debug|Any CPU
		{41C60E57-E162-4A9A-BA36-44F4D27769C5}.Debug|x64.Build.0 = Debug|Any CPU
		{41C60E57-E162-4A9A-BA36-44F4D27769C5}.Debug|x86.ActiveCfg = Debug|Any CPU
		{41C60E57-E162-4A9A-BA36-44F4D27769C5}.Debug|x86.Build.0 = Debug|Any CPU
		{41C60E57-E162-4A9A-BA36-44F4D27769C5}.Release|Any CPU.ActiveCfg = Release|Any CPU
		{41C60E57-E162-4A9A-BA36-44F4D27769C5}.Release|Any CPU.Build.0 = Release|Any CPU
		{41C60E57-E162-4A9A-BA36-44F4D27769C5}.Release|x64.ActiveCfg = Release|Any CPU
		{41C60E57-E162-4A9A-BA36-44F4D27769C5}.Release|x64.Build.0 = Release|Any CPU
		{41C60E57-E162-4A9A-BA36-44F4D27769C5}.Release|x86.ActiveCfg = Release|Any CPU
		{41C60E57-E162-4A9A-BA36-44F4D27769C5}.Release|x86.Build.0 = Release|Any CPU
	EndGlobalSection
EndGlobal
